<Solution>
  <Folder Name="/src/">
    <Project Path="src/Portfolio.Application/Portfolio.Application.csproj" />
    <Project Path="src/Portfolio.Domain/Portfolio.Domain.csproj" />
    <Project Path="src/Portfolio.Infrastructure/Portfolio.Infrastructure.csproj" />
    <Project Path="src/PortfolioAPI/Portfolio.API.csproj" />
  </Folder>
  <Folder Name="/tests/" />
</Solution>
